// !$*UTF8*$!
{
	archiveVersion = 1;
	classes = {
	};
	objectVersion = 46;
	objects = {

/* Begin PBXBuildFile section */
		330EF1E217DE63B0009061C5 /* icon@2x.png in Resources */ = {isa = PBXBuildFile; fileRef = 330EF1E117DE63B0009061C5 /* icon@2x.png */; };
		330EF1E417DE7BBC009061C5 /* icon_@2x.png in Resources */ = {isa = PBXBuildFile; fileRef = 330EF1E317DE7BBC009061C5 /* icon_@2x.png */; };
		3365D73617DEC3B100BF72A3 /* RRPackListViewController.m in Sources */ = {isa = PBXBuildFile; fileRef = 3365D73517DEC3B100BF72A3 /* RRPackListViewController.m */; };
		3365D73917DEC50500BF72A3 /* RRPackCell.m in Sources */ = {isa = PBXBuildFile; fileRef = 3365D73817DEC50500BF72A3 /* RRPackCell.m */; };
		338157F117D44EB2006CCA90 /* RRBank.m in Sources */ = {isa = PBXBuildFile; fileRef = 338157F017D44EB2006CCA90 /* RRBank.m */; };
		338157F517D45B1E006CCA90 /* RRBankViewController.m in Sources */ = {isa = PBXBuildFile; fileRef = 338157F317D45B1E006CCA90 /* RRBankViewController.m */; };
		338157F617D45B1E006CCA90 /* RRBankViewController.xib in Resources */ = {isa = PBXBuildFile; fileRef = 338157F417D45B1E006CCA90 /* RRBankViewController.xib */; };
		338157F917D45BB7006CCA90 /* JLBPartialModal.m in Sources */ = {isa = PBXBuildFile; fileRef = 338157F817D45BB7006CCA90 /* JLBPartialModal.m */; };
		338157FE17D462A5006CCA90 /* RRDiamondCell.m in Sources */ = {isa = PBXBuildFile; fileRef = 338157FD17D462A5006CCA90 /* RRDiamondCell.m */; };
		3381582217D5A27E006CCA90 /* travel.png in Resources */ = {isa = PBXBuildFile; fileRef = 3381582117D5A27E006CCA90 /* travel.png */; };
		3381582517D5A608006CCA90 /* background2.png in Resources */ = {isa = PBXBuildFile; fileRef = 3381582317D5A608006CCA90 /* background2.png */; };
		3381582617D5A608006CCA90 /* border@2x.png in Resources */ = {isa = PBXBuildFile; fileRef = 3381582417D5A608006CCA90 /* border@2x.png */; };
		3381582917D5A635006CCA90 /* RRGraphics.m in Sources */ = {isa = PBXBuildFile; fileRef = 3381582817D5A635006CCA90 /* RRGraphics.m */; };
		3381582D17D83C9E006CCA90 /* suisse.png in Resources */ = {isa = PBXBuildFile; fileRef = 3381582C17D83C9E006CCA90 /* suisse.png */; };
		3381583217D83FEB006CCA90 /* badge.png in Resources */ = {isa = PBXBuildFile; fileRef = 3381582E17D83FEB006CCA90 /* badge.png */; };
		3381583317D83FEB006CCA90 /* cut_diamonds.png in Resources */ = {isa = PBXBuildFile; fileRef = 3381582F17D83FEB006CCA90 /* cut_diamonds.png */; };
		3381583417D83FEB006CCA90 /* debeers.png in Resources */ = {isa = PBXBuildFile; fileRef = 3381583017D83FEB006CCA90 /* debeers.png */; };
		3381583517D83FEB006CCA90 /* diamond-in-hand.png in Resources */ = {isa = PBXBuildFile; fileRef = 3381583117D83FEB006CCA90 /* diamond-in-hand.png */; };
		3381583717D94226006CCA90 /* GameKit.framework in Frameworks */ = {isa = PBXBuildFile; fileRef = 3381583617D94226006CCA90 /* GameKit.framework */; };
		33CA594F17DD6287007F4A59 /* brief.xib in Resources */ = {isa = PBXBuildFile; fileRef = 33CA594E17DD6287007F4A59 /* brief.xib */; };
		33D98B4517DCF6BF00172947 /* libTestFlight.a in Frameworks */ = {isa = PBXBuildFile; fileRef = 33D98B3F17DCF6BF00172947 /* libTestFlight.a */; };
		33D98B4617DCF6BF00172947 /* README.md in Resources */ = {isa = PBXBuildFile; fileRef = 33D98B4017DCF6BF00172947 /* README.md */; };
		33D98B4717DCF6BF00172947 /* release_notes.md in Resources */ = {isa = PBXBuildFile; fileRef = 33D98B4117DCF6BF00172947 /* release_notes.md */; };
		33D98B4917DCF78A00172947 /* libz.dylib in Frameworks */ = {isa = PBXBuildFile; fileRef = 33D98B4817DCF78A00172947 /* libz.dylib */; };
		33D98B4C17DD357F00172947 /* RRGameCenterManager.m in Sources */ = {isa = PBXBuildFile; fileRef = 33D98B4B17DD357F00172947 /* RRGameCenterManager.m */; };
		8600570317DEC71300740C75 /* RRPackArtist.m in Sources */ = {isa = PBXBuildFile; fileRef = 8600570217DEC71300740C75 /* RRPackArtist.m */; };
		86166B3117D904AE00A6F925 /* RREventManager.m in Sources */ = {isa = PBXBuildFile; fileRef = 86166B3017D904AE00A6F925 /* RREventManager.m */; };
		86166B3417D9918800A6F925 /* RRPackDiamond.m in Sources */ = {isa = PBXBuildFile; fileRef = 86166B3317D9918800A6F925 /* RRPackDiamond.m */; };
		86166B3717D9936200A6F925 /* RRPack.m in Sources */ = {isa = PBXBuildFile; fileRef = 86166B3617D9936100A6F925 /* RRPack.m */; };
		861F691617DA8CD00097541C /* slide.aiff in Resources */ = {isa = PBXBuildFile; fileRef = 861F691517DA8CD00097541C /* slide.aiff */; };
		862400D817D5773A00C3BDE0 /* Dubai.png in Resources */ = {isa = PBXBuildFile; fileRef = 862400CE17D5773A00C3BDE0 /* Dubai.png */; };
		862400D917D5773A00C3BDE0 /* Germany.png in Resources */ = {isa = PBXBuildFile; fileRef = 862400CF17D5773A00C3BDE0 /* Germany.png */; };
		862400DA17D5773A00C3BDE0 /* Greece.png in Resources */ = {isa = PBXBuildFile; fileRef = 862400D017D5773A00C3BDE0 /* Greece.png */; };
		862400DB17D5773A00C3BDE0 /* historic-diamond-prices-2.jpg in Resources */ = {isa = PBXBuildFile; fileRef = 862400D117D5773A00C3BDE0 /* historic-diamond-prices-2.jpg */; };
		862400DC17D5773A00C3BDE0 /* Italy.png in Resources */ = {isa = PBXBuildFile; fileRef = 862400D217D5773A00C3BDE0 /* Italy.png */; };
		862400DD17D5773A00C3BDE0 /* Russia.png in Resources */ = {isa = PBXBuildFile; fileRef = 862400D317D5773A00C3BDE0 /* Russia.png */; };
		862400DE17D5773A00C3BDE0 /* South Africa.png in Resources */ = {isa = PBXBuildFile; fileRef = 862400D417D5773A00C3BDE0 /* South Africa.png */; };
		862400DF17D5773A00C3BDE0 /* Switzerland.png in Resources */ = {isa = PBXBuildFile; fileRef = 862400D517D5773A00C3BDE0 /* Switzerland.png */; };
		862400E017D5773A00C3BDE0 /* Thailand.png in Resources */ = {isa = PBXBuildFile; fileRef = 862400D617D5773A00C3BDE0 /* Thailand.png */; };
		8636C39A17D7E79800612361 /* RREvent.m in Sources */ = {isa = PBXBuildFile; fileRef = 8636C39917D7E79800612361 /* RREvent.m */; };
		8636C3AA17D7FA2600612361 /* RRStepper.m in Sources */ = {isa = PBXBuildFile; fileRef = 8636C3A917D7FA2600612361 /* RRStepper.m */; };
		8636C5D817D82B3C00612361 /* MBProgressHUD.m in Sources */ = {isa = PBXBuildFile; fileRef = 8636C5D717D82B3C00612361 /* MBProgressHUD.m */; };
		863BBAD317D54BCA00BEF75A /* RRIntroViewController.m in Sources */ = {isa = PBXBuildFile; fileRef = 863BBAD217D54BCA00BEF75A /* RRIntroViewController.m */; };
		863BBAD617D54CA700BEF75A /* RRButtonSound.m in Sources */ = {isa = PBXBuildFile; fileRef = 863BBAD517D54CA700BEF75A /* RRButtonSound.m */; };
		864F707B17D559A800FEDAA6 /* strings.wav in Resources */ = {isa = PBXBuildFile; fileRef = 864F707A17D559A800FEDAA6 /* strings.wav */; };
		864F707D17D55C5C00FEDAA6 /* diamondCell.xib in Resources */ = {isa = PBXBuildFile; fileRef = 864F707C17D55C5C00FEDAA6 /* diamondCell.xib */; };
		864F707F17D5647300FEDAA6 /* register.wav in Resources */ = {isa = PBXBuildFile; fileRef = 864F707E17D5647300FEDAA6 /* register.wav */; };
		864F708117D567CE00FEDAA6 /* planeAmbient.aiff in Resources */ = {isa = PBXBuildFile; fileRef = 864F708017D567CE00FEDAA6 /* planeAmbient.aiff */; };
		864F708417D5684D00FEDAA6 /* RRAudioPlayer.m in Sources */ = {isa = PBXBuildFile; fileRef = 864F708317D5684C00FEDAA6 /* RRAudioPlayer.m */; };
		864F708617D56EE500FEDAA6 /* ding.aiff in Resources */ = {isa = PBXBuildFile; fileRef = 864F708517D56EE500FEDAA6 /* ding.aiff */; };
		864F708817D5714700FEDAA6 /* jet.aiff in Resources */ = {isa = PBXBuildFile; fileRef = 864F708717D5714700FEDAA6 /* jet.aiff */; };
		8664AE8217D8711B0096CD2B /* RRBriefcaseViewController.m in Sources */ = {isa = PBXBuildFile; fileRef = 8664AE8117D8711B0096CD2B /* RRBriefcaseViewController.m */; };
		866EAB8117DE5B2E004BB19B /* StoreKit.framework in Frameworks */ = {isa = PBXBuildFile; fileRef = 866EAB8017DE5B2E004BB19B /* StoreKit.framework */; };
		866EAB8417DE5F53004BB19B /* RRStoreManager.m in Sources */ = {isa = PBXBuildFile; fileRef = 866EAB8317DE5F53004BB19B /* RRStoreManager.m */; };
		8672928117DD9AE900F70ADE /* RREndViewController.m in Sources */ = {isa = PBXBuildFile; fileRef = 8672928017DD9AE900F70ADE /* RREndViewController.m */; };
		8672928317DD9DBC00F70ADE /* borderDark@2x.png in Resources */ = {isa = PBXBuildFile; fileRef = 8672928217DD9DBC00F70ADE /* borderDark@2x.png */; };
		86A0C4F617D5455A001663D6 /* RRAudioEngine.m in Sources */ = {isa = PBXBuildFile; fileRef = 86A0C4F517D5455A001663D6 /* RRAudioEngine.m */; };
		86A0C4F817D5461B001663D6 /* AVFoundation.framework in Frameworks */ = {isa = PBXBuildFile; fileRef = 86A0C4F717D5461B001663D6 /* AVFoundation.framework */; };
		86A0C50217D54832001663D6 /* click.aiff in Resources */ = {isa = PBXBuildFile; fileRef = 86A0C4FA17D54832001663D6 /* click.aiff */; };
		86B5678017DBEBB400E1F4E9 /* PerlinNoise.m in Sources */ = {isa = PBXBuildFile; fileRef = 86B5677F17DBEBB400E1F4E9 /* PerlinNoise.m */; };
		86B9850817D5BBEB0065FD70 /* diamondWhite@2x.png in Resources */ = {isa = PBXBuildFile; fileRef = 86B9850617D5BBEB0065FD70 /* diamondWhite@2x.png */; };
		86B9850917D5BBEB0065FD70 /* diamondBlack@2x.png in Resources */ = {isa = PBXBuildFile; fileRef = 86B9850717D5BBEB0065FD70 /* diamondBlack@2x.png */; };
		86D3116A17DA6BAC00D218E3 /* RRStats.m in Sources */ = {isa = PBXBuildFile; fileRef = 86D3116917DA6BAC00D218E3 /* RRStats.m */; };
		86D3116D17DA6C9300D218E3 /* RRGraphView.m in Sources */ = {isa = PBXBuildFile; fileRef = 86D3116C17DA6C9300D218E3 /* RRGraphView.m */; };
		86DBBD1817D415F60032D830 /* UIKit.framework in Frameworks */ = {isa = PBXBuildFile; fileRef = 86DBBD1717D415F60032D830 /* UIKit.framework */; };
		86DBBD1A17D415F60032D830 /* Foundation.framework in Frameworks */ = {isa = PBXBuildFile; fileRef = 86DBBD1917D415F60032D830 /* Foundation.framework */; };
		86DBBD1C17D415F60032D830 /* CoreGraphics.framework in Frameworks */ = {isa = PBXBuildFile; fileRef = 86DBBD1B17D415F60032D830 /* CoreGraphics.framework */; };
		86DBBD2217D415F60032D830 /* InfoPlist.strings in Resources */ = {isa = PBXBuildFile; fileRef = 86DBBD2017D415F60032D830 /* InfoPlist.strings */; };
		86DBBD2417D415F60032D830 /* main.m in Sources */ = {isa = PBXBuildFile; fileRef = 86DBBD2317D415F60032D830 /* main.m */; };
		86DBBD2817D415F60032D830 /* RRAppDelegate.m in Sources */ = {isa = PBXBuildFile; fileRef = 86DBBD2717D415F60032D830 /* RRAppDelegate.m */; };
		86DBBD2A17D415F60032D830 /* Default.png in Resources */ = {isa = PBXBuildFile; fileRef = 86DBBD2917D415F60032D830 /* Default.png */; };
		86DBBD2C17D415F60032D830 /* Default@2x.png in Resources */ = {isa = PBXBuildFile; fileRef = 86DBBD2B17D415F60032D830 /* Default@2x.png */; };
		86DBBD2E17D415F60032D830 /* Default-568h@2x.png in Resources */ = {isa = PBXBuildFile; fileRef = 86DBBD2D17D415F60032D830 /* Default-568h@2x.png */; };
		86DBBD3117D415F60032D830 /* MainStoryboard.storyboard in Resources */ = {isa = PBXBuildFile; fileRef = 86DBBD2F17D415F60032D830 /* MainStoryboard.storyboard */; };
		86DBBD3C17D416ED0032D830 /* RRMarketViewController.m in Sources */ = {isa = PBXBuildFile; fileRef = 86DBBD3B17D416ED0032D830 /* RRMarketViewController.m */; };
		86DBBD3F17D417480032D830 /* RRTravelViewController.m in Sources */ = {isa = PBXBuildFile; fileRef = 86DBBD3E17D417480032D830 /* RRTravelViewController.m */; };
		86DBBD4217D418290032D830 /* RRGame.m in Sources */ = {isa = PBXBuildFile; fileRef = 86DBBD4117D418290032D830 /* RRGame.m */; };
		86DBBD4517D419780032D830 /* RRPlayer.m in Sources */ = {isa = PBXBuildFile; fileRef = 86DBBD4417D419780032D830 /* RRPlayer.m */; };
		86DBBD4817D41A760032D830 /* RRItem.m in Sources */ = {isa = PBXBuildFile; fileRef = 86DBBD4717D41A760032D830 /* RRItem.m */; };
		86DBBD4A17D41CA90032D830 /* stats.xib in Resources */ = {isa = PBXBuildFile; fileRef = 86DBBD4917D41CA90032D830 /* stats.xib */; };
		86DBBD4D17D41CB30032D830 /* SMStatsView.m in Sources */ = {isa = PBXBuildFile; fileRef = 86DBBD4C17D41CB30032D830 /* SMStatsView.m */; };
		86DBBD4F17D4208D0032D830 /* QuartzCore.framework in Frameworks */ = {isa = PBXBuildFile; fileRef = 86DBBD4E17D4208D0032D830 /* QuartzCore.framework */; };
		86E1EF7117DC09FA0023FDF5 /* RRGraphData.m in Sources */ = {isa = PBXBuildFile; fileRef = 86E1EF7017DC09FA0023FDF5 /* RRGraphData.m */; };
/* End PBXBuildFile section */

/* Begin PBXFileReference section */
		330EF1E117DE63B0009061C5 /* icon@2x.png */ = {isa = PBXFileReference; lastKnownFileType = image.png; path = "icon@2x.png"; sourceTree = "<group>"; };
		330EF1E317DE7BBC009061C5 /* icon_@2x.png */ = {isa = PBXFileReference; lastKnownFileType = image.png; path = "icon_@2x.png"; sourceTree = "<group>"; };
		3365D73417DEC3B100BF72A3 /* RRPackListViewController.h */ = {isa = PBXFileReference; fileEncoding = 4; lastKnownFileType = sourcecode.c.h; path = RRPackListViewController.h; sourceTree = "<group>"; };
		3365D73517DEC3B100BF72A3 /* RRPackListViewController.m */ = {isa = PBXFileReference; fileEncoding = 4; lastKnownFileType = sourcecode.c.objc; path = RRPackListViewController.m; sourceTree = "<group>"; };
		3365D73717DEC50500BF72A3 /* RRPackCell.h */ = {isa = PBXFileReference; fileEncoding = 4; lastKnownFileType = sourcecode.c.h; path = RRPackCell.h; sourceTree = "<group>"; };
		3365D73817DEC50500BF72A3 /* RRPackCell.m */ = {isa = PBXFileReference; fileEncoding = 4; lastKnownFileType = sourcecode.c.objc; path = RRPackCell.m; sourceTree = "<group>"; };
		338157EF17D44EB2006CCA90 /* RRBank.h */ = {isa = PBXFileReference; fileEncoding = 4; lastKnownFileType = sourcecode.c.h; path = RRBank.h; sourceTree = "<group>"; };
		338157F017D44EB2006CCA90 /* RRBank.m */ = {isa = PBXFileReference; fileEncoding = 4; lastKnownFileType = sourcecode.c.objc; path = RRBank.m; sourceTree = "<group>"; };
		338157F217D45B1E006CCA90 /* RRBankViewController.h */ = {isa = PBXFileReference; fileEncoding = 4; lastKnownFileType = sourcecode.c.h; path = RRBankViewController.h; sourceTree = "<group>"; };
		338157F317D45B1E006CCA90 /* RRBankViewController.m */ = {isa = PBXFileReference; fileEncoding = 4; lastKnownFileType = sourcecode.c.objc; path = RRBankViewController.m; sourceTree = "<group>"; };
		338157F417D45B1E006CCA90 /* RRBankViewController.xib */ = {isa = PBXFileReference; fileEncoding = 4; lastKnownFileType = file.xib; path = RRBankViewController.xib; sourceTree = "<group>"; };
		338157F717D45BB7006CCA90 /* JLBPartialModal.h */ = {isa = PBXFileReference; fileEncoding = 4; lastKnownFileType = sourcecode.c.h; path = JLBPartialModal.h; sourceTree = "<group>"; };
		338157F817D45BB7006CCA90 /* JLBPartialModal.m */ = {isa = PBXFileReference; fileEncoding = 4; lastKnownFileType = sourcecode.c.objc; path = JLBPartialModal.m; sourceTree = "<group>"; };
		338157FC17D462A4006CCA90 /* RRDiamondCell.h */ = {isa = PBXFileReference; fileEncoding = 4; lastKnownFileType = sourcecode.c.h; path = RRDiamondCell.h; sourceTree = "<group>"; };
		338157FD17D462A5006CCA90 /* RRDiamondCell.m */ = {isa = PBXFileReference; fileEncoding = 4; lastKnownFileType = sourcecode.c.objc; path = RRDiamondCell.m; sourceTree = "<group>"; };
		3381582117D5A27E006CCA90 /* travel.png */ = {isa = PBXFileReference; lastKnownFileType = image.png; path = travel.png; sourceTree = "<group>"; };
		3381582317D5A608006CCA90 /* background2.png */ = {isa = PBXFileReference; lastKnownFileType = image.png; path = background2.png; sourceTree = "<group>"; };
		3381582417D5A608006CCA90 /* border@2x.png */ = {isa = PBXFileReference; lastKnownFileType = image.png; path = "border@2x.png"; sourceTree = "<group>"; };
		3381582717D5A635006CCA90 /* RRGraphics.h */ = {isa = PBXFileReference; fileEncoding = 4; lastKnownFileType = sourcecode.c.h; path = RRGraphics.h; sourceTree = "<group>"; };
		3381582817D5A635006CCA90 /* RRGraphics.m */ = {isa = PBXFileReference; fileEncoding = 4; lastKnownFileType = sourcecode.c.objc; path = RRGraphics.m; sourceTree = "<group>"; };
		3381582C17D83C9E006CCA90 /* suisse.png */ = {isa = PBXFileReference; lastKnownFileType = image.png; path = suisse.png; sourceTree = "<group>"; };
		3381582E17D83FEB006CCA90 /* badge.png */ = {isa = PBXFileReference; lastKnownFileType = image.png; path = badge.png; sourceTree = "<group>"; };
		3381582F17D83FEB006CCA90 /* cut_diamonds.png */ = {isa = PBXFileReference; lastKnownFileType = image.png; path = cut_diamonds.png; sourceTree = "<group>"; };
		3381583017D83FEB006CCA90 /* debeers.png */ = {isa = PBXFileReference; lastKnownFileType = image.png; path = debeers.png; sourceTree = "<group>"; };
		3381583117D83FEB006CCA90 /* diamond-in-hand.png */ = {isa = PBXFileReference; lastKnownFileType = image.png; path = "diamond-in-hand.png"; sourceTree = "<group>"; };
		3381583617D94226006CCA90 /* GameKit.framework */ = {isa = PBXFileReference; lastKnownFileType = wrapper.framework; name = GameKit.framework; path = System/Library/Frameworks/GameKit.framework; sourceTree = SDKROOT; };
		33CA594E17DD6287007F4A59 /* brief.xib */ = {isa = PBXFileReference; fileEncoding = 4; lastKnownFileType = file.xib; path = brief.xib; sourceTree = "<group>"; };
		33D98B3F17DCF6BF00172947 /* libTestFlight.a */ = {isa = PBXFileReference; lastKnownFileType = archive.ar; path = libTestFlight.a; sourceTree = "<group>"; };
		33D98B4017DCF6BF00172947 /* README.md */ = {isa = PBXFileReference; fileEncoding = 4; lastKnownFileType = text; path = README.md; sourceTree = "<group>"; };
		33D98B4117DCF6BF00172947 /* release_notes.md */ = {isa = PBXFileReference; fileEncoding = 4; lastKnownFileType = text; path = release_notes.md; sourceTree = "<group>"; };
		33D98B4217DCF6BF00172947 /* TestFlight+AsyncLogging.h */ = {isa = PBXFileReference; fileEncoding = 4; lastKnownFileType = sourcecode.c.h; path = "TestFlight+AsyncLogging.h"; sourceTree = "<group>"; };
		33D98B4317DCF6BF00172947 /* TestFlight+ManualSessions.h */ = {isa = PBXFileReference; fileEncoding = 4; lastKnownFileType = sourcecode.c.h; path = "TestFlight+ManualSessions.h"; sourceTree = "<group>"; };
		33D98B4417DCF6BF00172947 /* TestFlight.h */ = {isa = PBXFileReference; fileEncoding = 4; lastKnownFileType = sourcecode.c.h; path = TestFlight.h; sourceTree = "<group>"; };
		33D98B4817DCF78A00172947 /* libz.dylib */ = {isa = PBXFileReference; lastKnownFileType = "compiled.mach-o.dylib"; name = libz.dylib; path = usr/lib/libz.dylib; sourceTree = SDKROOT; };
		33D98B4A17DD357F00172947 /* RRGameCenterManager.h */ = {isa = PBXFileReference; fileEncoding = 4; lastKnownFileType = sourcecode.c.h; path = RRGameCenterManager.h; sourceTree = "<group>"; };
		33D98B4B17DD357F00172947 /* RRGameCenterManager.m */ = {isa = PBXFileReference; fileEncoding = 4; lastKnownFileType = sourcecode.c.objc; path = RRGameCenterManager.m; sourceTree = "<group>"; };
		8600570117DEC71300740C75 /* RRPackArtist.h */ = {isa = PBXFileReference; fileEncoding = 4; lastKnownFileType = sourcecode.c.h; path = RRPackArtist.h; sourceTree = "<group>"; };
		8600570217DEC71300740C75 /* RRPackArtist.m */ = {isa = PBXFileReference; fileEncoding = 4; lastKnownFileType = sourcecode.c.objc; path = RRPackArtist.m; sourceTree = "<group>"; };
		86166B2F17D904AE00A6F925 /* RREventManager.h */ = {isa = PBXFileReference; fileEncoding = 4; lastKnownFileType = sourcecode.c.h; path = RREventManager.h; sourceTree = "<group>"; };
		86166B3017D904AE00A6F925 /* RREventManager.m */ = {isa = PBXFileReference; fileEncoding = 4; lastKnownFileType = sourcecode.c.objc; path = RREventManager.m; sourceTree = "<group>"; };
		86166B3217D9918800A6F925 /* RRPackDiamond.h */ = {isa = PBXFileReference; fileEncoding = 4; lastKnownFileType = sourcecode.c.h; path = RRPackDiamond.h; sourceTree = "<group>"; };
		86166B3317D9918800A6F925 /* RRPackDiamond.m */ = {isa = PBXFileReference; fileEncoding = 4; lastKnownFileType = sourcecode.c.objc; path = RRPackDiamond.m; sourceTree = "<group>"; };
		86166B3517D9936100A6F925 /* RRPack.h */ = {isa = PBXFileReference; fileEncoding = 4; lastKnownFileType = sourcecode.c.h; path = RRPack.h; sourceTree = "<group>"; };
		86166B3617D9936100A6F925 /* RRPack.m */ = {isa = PBXFileReference; fileEncoding = 4; lastKnownFileType = sourcecode.c.objc; path = RRPack.m; sourceTree = "<group>"; };
		861F691517DA8CD00097541C /* slide.aiff */ = {isa = PBXFileReference; lastKnownFileType = audio.aiff; path = slide.aiff; sourceTree = "<group>"; };
		862400CE17D5773A00C3BDE0 /* Dubai.png */ = {isa = PBXFileReference; lastKnownFileType = image.png; path = Dubai.png; sourceTree = "<group>"; };
		862400CF17D5773A00C3BDE0 /* Germany.png */ = {isa = PBXFileReference; lastKnownFileType = image.png; path = Germany.png; sourceTree = "<group>"; };
		862400D017D5773A00C3BDE0 /* Greece.png */ = {isa = PBXFileReference; lastKnownFileType = image.png; path = Greece.png; sourceTree = "<group>"; };
		862400D117D5773A00C3BDE0 /* historic-diamond-prices-2.jpg */ = {isa = PBXFileReference; lastKnownFileType = image.jpeg; path = "historic-diamond-prices-2.jpg"; sourceTree = "<group>"; };
		862400D217D5773A00C3BDE0 /* Italy.png */ = {isa = PBXFileReference; lastKnownFileType = image.png; path = Italy.png; sourceTree = "<group>"; };
		862400D317D5773A00C3BDE0 /* Russia.png */ = {isa = PBXFileReference; lastKnownFileType = image.png; path = Russia.png; sourceTree = "<group>"; };
		862400D417D5773A00C3BDE0 /* South Africa.png */ = {isa = PBXFileReference; lastKnownFileType = image.png; path = "South Africa.png"; sourceTree = "<group>"; };
		862400D517D5773A00C3BDE0 /* Switzerland.png */ = {isa = PBXFileReference; lastKnownFileType = image.png; path = Switzerland.png; sourceTree = "<group>"; };
		862400D617D5773A00C3BDE0 /* Thailand.png */ = {isa = PBXFileReference; lastKnownFileType = image.png; path = Thailand.png; sourceTree = "<group>"; };
		8636C39817D7E79800612361 /* RREvent.h */ = {isa = PBXFileReference; fileEncoding = 4; lastKnownFileType = sourcecode.c.h; path = RREvent.h; sourceTree = "<group>"; };
		8636C39917D7E79800612361 /* RREvent.m */ = {isa = PBXFileReference; fileEncoding = 4; lastKnownFileType = sourcecode.c.objc; path = RREvent.m; sourceTree = "<group>"; };
		8636C3A817D7FA2600612361 /* RRStepper.h */ = {isa = PBXFileReference; fileEncoding = 4; lastKnownFileType = sourcecode.c.h; path = RRStepper.h; sourceTree = "<group>"; };
		8636C3A917D7FA2600612361 /* RRStepper.m */ = {isa = PBXFileReference; fileEncoding = 4; lastKnownFileType = sourcecode.c.objc; path = RRStepper.m; sourceTree = "<group>"; };
		8636C5D617D82B3C00612361 /* MBProgressHUD.h */ = {isa = PBXFileReference; fileEncoding = 4; lastKnownFileType = sourcecode.c.h; path = MBProgressHUD.h; sourceTree = "<group>"; };
		8636C5D717D82B3C00612361 /* MBProgressHUD.m */ = {isa = PBXFileReference; fileEncoding = 4; lastKnownFileType = sourcecode.c.objc; path = MBProgressHUD.m; sourceTree = "<group>"; };
		863BBAD117D54BCA00BEF75A /* RRIntroViewController.h */ = {isa = PBXFileReference; fileEncoding = 4; lastKnownFileType = sourcecode.c.h; path = RRIntroViewController.h; sourceTree = "<group>"; };
		863BBAD217D54BCA00BEF75A /* RRIntroViewController.m */ = {isa = PBXFileReference; fileEncoding = 4; lastKnownFileType = sourcecode.c.objc; path = RRIntroViewController.m; sourceTree = "<group>"; };
		863BBAD417D54CA700BEF75A /* RRButtonSound.h */ = {isa = PBXFileReference; fileEncoding = 4; lastKnownFileType = sourcecode.c.h; path = RRButtonSound.h; sourceTree = "<group>"; };
		863BBAD517D54CA700BEF75A /* RRButtonSound.m */ = {isa = PBXFileReference; fileEncoding = 4; lastKnownFileType = sourcecode.c.objc; path = RRButtonSound.m; sourceTree = "<group>"; };
		864F707A17D559A800FEDAA6 /* strings.wav */ = {isa = PBXFileReference; lastKnownFileType = audio.wav; path = strings.wav; sourceTree = "<group>"; };
		864F707C17D55C5C00FEDAA6 /* diamondCell.xib */ = {isa = PBXFileReference; fileEncoding = 4; lastKnownFileType = file.xib; path = diamondCell.xib; sourceTree = "<group>"; };
		864F707E17D5647300FEDAA6 /* register.wav */ = {isa = PBXFileReference; lastKnownFileType = audio.wav; path = register.wav; sourceTree = "<group>"; };
		864F708017D567CE00FEDAA6 /* planeAmbient.aiff */ = {isa = PBXFileReference; lastKnownFileType = audio.aiff; path = planeAmbient.aiff; sourceTree = "<group>"; };
		864F708217D5684C00FEDAA6 /* RRAudioPlayer.h */ = {isa = PBXFileReference; fileEncoding = 4; lastKnownFileType = sourcecode.c.h; path = RRAudioPlayer.h; sourceTree = "<group>"; };
		864F708317D5684C00FEDAA6 /* RRAudioPlayer.m */ = {isa = PBXFileReference; fileEncoding = 4; lastKnownFileType = sourcecode.c.objc; path = RRAudioPlayer.m; sourceTree = "<group>"; };
		864F708517D56EE500FEDAA6 /* ding.aiff */ = {isa = PBXFileReference; lastKnownFileType = audio.aiff; path = ding.aiff; sourceTree = "<group>"; };
		864F708717D5714700FEDAA6 /* jet.aiff */ = {isa = PBXFileReference; lastKnownFileType = audio.aiff; path = jet.aiff; sourceTree = "<group>"; };
		8664AE8017D8711B0096CD2B /* RRBriefcaseViewController.h */ = {isa = PBXFileReference; fileEncoding = 4; lastKnownFileType = sourcecode.c.h; path = RRBriefcaseViewController.h; sourceTree = "<group>"; };
		8664AE8117D8711B0096CD2B /* RRBriefcaseViewController.m */ = {isa = PBXFileReference; fileEncoding = 4; lastKnownFileType = sourcecode.c.objc; path = RRBriefcaseViewController.m; sourceTree = "<group>"; };
		866EAB8017DE5B2E004BB19B /* StoreKit.framework */ = {isa = PBXFileReference; lastKnownFileType = wrapper.framework; name = StoreKit.framework; path = System/Library/Frameworks/StoreKit.framework; sourceTree = SDKROOT; };
		866EAB8217DE5F53004BB19B /* RRStoreManager.h */ = {isa = PBXFileReference; fileEncoding = 4; lastKnownFileType = sourcecode.c.h; path = RRStoreManager.h; sourceTree = "<group>"; };
		866EAB8317DE5F53004BB19B /* RRStoreManager.m */ = {isa = PBXFileReference; fileEncoding = 4; lastKnownFileType = sourcecode.c.objc; path = RRStoreManager.m; sourceTree = "<group>"; };
		8672927F17DD9AE900F70ADE /* RREndViewController.h */ = {isa = PBXFileReference; fileEncoding = 4; lastKnownFileType = sourcecode.c.h; path = RREndViewController.h; sourceTree = "<group>"; };
		8672928017DD9AE900F70ADE /* RREndViewController.m */ = {isa = PBXFileReference; fileEncoding = 4; lastKnownFileType = sourcecode.c.objc; path = RREndViewController.m; sourceTree = "<group>"; };
		8672928217DD9DBC00F70ADE /* borderDark@2x.png */ = {isa = PBXFileReference; lastKnownFileType = image.png; path = "borderDark@2x.png"; sourceTree = "<group>"; };
		86A0C4F417D5455A001663D6 /* RRAudioEngine.h */ = {isa = PBXFileReference; fileEncoding = 4; lastKnownFileType = sourcecode.c.h; path = RRAudioEngine.h; sourceTree = "<group>"; };
		86A0C4F517D5455A001663D6 /* RRAudioEngine.m */ = {isa = PBXFileReference; fileEncoding = 4; lastKnownFileType = sourcecode.c.objc; path = RRAudioEngine.m; sourceTree = "<group>"; };
		86A0C4F717D5461B001663D6 /* AVFoundation.framework */ = {isa = PBXFileReference; lastKnownFileType = wrapper.framework; name = AVFoundation.framework; path = System/Library/Frameworks/AVFoundation.framework; sourceTree = SDKROOT; };
		86A0C4FA17D54832001663D6 /* click.aiff */ = {isa = PBXFileReference; lastKnownFileType = audio.aiff; path = click.aiff; sourceTree = "<group>"; };
		86B5677E17DBEBB400E1F4E9 /* PerlinNoise.h */ = {isa = PBXFileReference; fileEncoding = 4; lastKnownFileType = sourcecode.c.h; path = PerlinNoise.h; sourceTree = "<group>"; };
		86B5677F17DBEBB400E1F4E9 /* PerlinNoise.m */ = {isa = PBXFileReference; fileEncoding = 4; lastKnownFileType = sourcecode.c.objc; path = PerlinNoise.m; sourceTree = "<group>"; };
		86B9850617D5BBEB0065FD70 /* diamondWhite@2x.png */ = {isa = PBXFileReference; lastKnownFileType = image.png; path = "diamondWhite@2x.png"; sourceTree = "<group>"; };
		86B9850717D5BBEB0065FD70 /* diamondBlack@2x.png */ = {isa = PBXFileReference; lastKnownFileType = image.png; path = "diamondBlack@2x.png"; sourceTree = "<group>"; };
		86D3116817DA6BAC00D218E3 /* RRStats.h */ = {isa = PBXFileReference; fileEncoding = 4; lastKnownFileType = sourcecode.c.h; path = RRStats.h; sourceTree = "<group>"; };
		86D3116917DA6BAC00D218E3 /* RRStats.m */ = {isa = PBXFileReference; fileEncoding = 4; lastKnownFileType = sourcecode.c.objc; path = RRStats.m; sourceTree = "<group>"; };
		86D3116B17DA6C9300D218E3 /* RRGraphView.h */ = {isa = PBXFileReference; fileEncoding = 4; lastKnownFileType = sourcecode.c.h; path = RRGraphView.h; sourceTree = "<group>"; };
		86D3116C17DA6C9300D218E3 /* RRGraphView.m */ = {isa = PBXFileReference; fileEncoding = 4; lastKnownFileType = sourcecode.c.objc; path = RRGraphView.m; sourceTree = "<group>"; };
		86DBBD1417D415F60032D830 /* RatRace.app */ = {isa = PBXFileReference; explicitFileType = wrapper.application; includeInIndex = 0; path = RatRace.app; sourceTree = BUILT_PRODUCTS_DIR; };
		86DBBD1717D415F60032D830 /* UIKit.framework */ = {isa = PBXFileReference; lastKnownFileType = wrapper.framework; name = UIKit.framework; path = System/Library/Frameworks/UIKit.framework; sourceTree = SDKROOT; };
		86DBBD1917D415F60032D830 /* Foundation.framework */ = {isa = PBXFileReference; lastKnownFileType = wrapper.framework; name = Foundation.framework; path = System/Library/Frameworks/Foundation.framework; sourceTree = SDKROOT; };
		86DBBD1B17D415F60032D830 /* CoreGraphics.framework */ = {isa = PBXFileReference; lastKnownFileType = wrapper.framework; name = CoreGraphics.framework; path = System/Library/Frameworks/CoreGraphics.framework; sourceTree = SDKROOT; };
		86DBBD1F17D415F60032D830 /* RatRace-Info.plist */ = {isa = PBXFileReference; lastKnownFileType = text.plist.xml; path = "RatRace-Info.plist"; sourceTree = "<group>"; };
		86DBBD2117D415F60032D830 /* en */ = {isa = PBXFileReference; lastKnownFileType = text.plist.strings; name = en; path = en.lproj/InfoPlist.strings; sourceTree = "<group>"; };
		86DBBD2317D415F60032D830 /* main.m */ = {isa = PBXFileReference; lastKnownFileType = sourcecode.c.objc; path = main.m; sourceTree = "<group>"; };
		86DBBD2517D415F60032D830 /* RatRace-Prefix.pch */ = {isa = PBXFileReference; lastKnownFileType = sourcecode.c.h; path = "RatRace-Prefix.pch"; sourceTree = "<group>"; };
		86DBBD2617D415F60032D830 /* RRAppDelegate.h */ = {isa = PBXFileReference; lastKnownFileType = sourcecode.c.h; path = RRAppDelegate.h; sourceTree = "<group>"; };
		86DBBD2717D415F60032D830 /* RRAppDelegate.m */ = {isa = PBXFileReference; lastKnownFileType = sourcecode.c.objc; path = RRAppDelegate.m; sourceTree = "<group>"; };
		86DBBD2917D415F60032D830 /* Default.png */ = {isa = PBXFileReference; lastKnownFileType = image.png; path = Default.png; sourceTree = "<group>"; };
		86DBBD2B17D415F60032D830 /* Default@2x.png */ = {isa = PBXFileReference; lastKnownFileType = image.png; path = "Default@2x.png"; sourceTree = "<group>"; };
		86DBBD2D17D415F60032D830 /* Default-568h@2x.png */ = {isa = PBXFileReference; lastKnownFileType = image.png; path = "Default-568h@2x.png"; sourceTree = "<group>"; };
		86DBBD3017D415F60032D830 /* en */ = {isa = PBXFileReference; lastKnownFileType = file.storyboard; name = en; path = en.lproj/MainStoryboard.storyboard; sourceTree = "<group>"; };
		86DBBD3A17D416ED0032D830 /* RRMarketViewController.h */ = {isa = PBXFileReference; fileEncoding = 4; lastKnownFileType = sourcecode.c.h; path = RRMarketViewController.h; sourceTree = "<group>"; };
		86DBBD3B17D416ED0032D830 /* RRMarketViewController.m */ = {isa = PBXFileReference; fileEncoding = 4; lastKnownFileType = sourcecode.c.objc; path = RRMarketViewController.m; sourceTree = "<group>"; };
		86DBBD3D17D417480032D830 /* RRTravelViewController.h */ = {isa = PBXFileReference; fileEncoding = 4; lastKnownFileType = sourcecode.c.h; path = RRTravelViewController.h; sourceTree = "<group>"; };
		86DBBD3E17D417480032D830 /* RRTravelViewController.m */ = {isa = PBXFileReference; fileEncoding = 4; lastKnownFileType = sourcecode.c.objc; path = RRTravelViewController.m; sourceTree = "<group>"; };
		86DBBD4017D418290032D830 /* RRGame.h */ = {isa = PBXFileReference; fileEncoding = 4; lastKnownFileType = sourcecode.c.h; path = RRGame.h; sourceTree = "<group>"; };
		86DBBD4117D418290032D830 /* RRGame.m */ = {isa = PBXFileReference; fileEncoding = 4; lastKnownFileType = sourcecode.c.objc; path = RRGame.m; sourceTree = "<group>"; };
		86DBBD4317D419780032D830 /* RRPlayer.h */ = {isa = PBXFileReference; fileEncoding = 4; lastKnownFileType = sourcecode.c.h; path = RRPlayer.h; sourceTree = "<group>"; };
		86DBBD4417D419780032D830 /* RRPlayer.m */ = {isa = PBXFileReference; fileEncoding = 4; lastKnownFileType = sourcecode.c.objc; path = RRPlayer.m; sourceTree = "<group>"; };
		86DBBD4617D41A760032D830 /* RRItem.h */ = {isa = PBXFileReference; fileEncoding = 4; lastKnownFileType = sourcecode.c.h; path = RRItem.h; sourceTree = "<group>"; };
		86DBBD4717D41A760032D830 /* RRItem.m */ = {isa = PBXFileReference; fileEncoding = 4; lastKnownFileType = sourcecode.c.objc; path = RRItem.m; sourceTree = "<group>"; };
		86DBBD4917D41CA90032D830 /* stats.xib */ = {isa = PBXFileReference; fileEncoding = 4; lastKnownFileType = file.xib; path = stats.xib; sourceTree = "<group>"; };
		86DBBD4B17D41CB30032D830 /* SMStatsView.h */ = {isa = PBXFileReference; fileEncoding = 4; lastKnownFileType = sourcecode.c.h; path = SMStatsView.h; sourceTree = "<group>"; };
		86DBBD4C17D41CB30032D830 /* SMStatsView.m */ = {isa = PBXFileReference; fileEncoding = 4; lastKnownFileType = sourcecode.c.objc; path = SMStatsView.m; sourceTree = "<group>"; };
		86DBBD4E17D4208D0032D830 /* QuartzCore.framework */ = {isa = PBXFileReference; lastKnownFileType = wrapper.framework; name = QuartzCore.framework; path = System/Library/Frameworks/QuartzCore.framework; sourceTree = SDKROOT; };
		86E1EF6F17DC09FA0023FDF5 /* RRGraphData.h */ = {isa = PBXFileReference; fileEncoding = 4; lastKnownFileType = sourcecode.c.h; path = RRGraphData.h; sourceTree = "<group>"; };
		86E1EF7017DC09FA0023FDF5 /* RRGraphData.m */ = {isa = PBXFileReference; fileEncoding = 4; lastKnownFileType = sourcecode.c.objc; path = RRGraphData.m; sourceTree = "<group>"; };
/* End PBXFileReference section */

/* Begin PBXFrameworksBuildPhase section */
		86DBBD1117D415F60032D830 /* Frameworks */ = {
			isa = PBXFrameworksBuildPhase;
			buildActionMask = 2147483647;
			files = (
				866EAB8117DE5B2E004BB19B /* StoreKit.framework in Frameworks */,
				33D98B4917DCF78A00172947 /* libz.dylib in Frameworks */,
				3381583717D94226006CCA90 /* GameKit.framework in Frameworks */,
				86A0C4F817D5461B001663D6 /* AVFoundation.framework in Frameworks */,
				86DBBD4F17D4208D0032D830 /* QuartzCore.framework in Frameworks */,
				86DBBD1817D415F60032D830 /* UIKit.framework in Frameworks */,
				86DBBD1A17D415F60032D830 /* Foundation.framework in Frameworks */,
				86DBBD1C17D415F60032D830 /* CoreGraphics.framework in Frameworks */,
				33D98B4517DCF6BF00172947 /* libTestFlight.a in Frameworks */,
			);
			runOnlyForDeploymentPostprocessing = 0;
		};
/* End PBXFrameworksBuildPhase section */

/* Begin PBXGroup section */
		3381580217D468D8006CCA90 /* Views */ = {
			isa = PBXGroup;
			children = (
				338157FC17D462A4006CCA90 /* RRDiamondCell.h */,
				338157FD17D462A5006CCA90 /* RRDiamondCell.m */,
				864F707C17D55C5C00FEDAA6 /* diamondCell.xib */,
				86DBBD2F17D415F60032D830 /* MainStoryboard.storyboard */,
				338157F417D45B1E006CCA90 /* RRBankViewController.xib */,
				86DBBD4917D41CA90032D830 /* stats.xib */,
				86DBBD4B17D41CB30032D830 /* SMStatsView.h */,
				86DBBD4C17D41CB30032D830 /* SMStatsView.m */,
				86D3116B17DA6C9300D218E3 /* RRGraphView.h */,
				86D3116C17DA6C9300D218E3 /* RRGraphView.m */,
				33CA594E17DD6287007F4A59 /* brief.xib */,
				3365D73717DEC50500BF72A3 /* RRPackCell.h */,
				3365D73817DEC50500BF72A3 /* RRPackCell.m */,
			);
			name = Views;
			sourceTree = "<group>";
		};
		3381580317D468E1006CCA90 /* Model */ = {
			isa = PBXGroup;
			children = (
				86B5677E17DBEBB400E1F4E9 /* PerlinNoise.h */,
				86B5677F17DBEBB400E1F4E9 /* PerlinNoise.m */,
				338157EF17D44EB2006CCA90 /* RRBank.h */,
				338157F017D44EB2006CCA90 /* RRBank.m */,
				86DBBD4017D418290032D830 /* RRGame.h */,
				86DBBD4117D418290032D830 /* RRGame.m */,
				86DBBD4317D419780032D830 /* RRPlayer.h */,
				86DBBD4417D419780032D830 /* RRPlayer.m */,
				86DBBD4617D41A760032D830 /* RRItem.h */,
				86DBBD4717D41A760032D830 /* RRItem.m */,
				86A0C4F417D5455A001663D6 /* RRAudioEngine.h */,
				86A0C4F517D5455A001663D6 /* RRAudioEngine.m */,
				863BBAD417D54CA700BEF75A /* RRButtonSound.h */,
				863BBAD517D54CA700BEF75A /* RRButtonSound.m */,
				864F708217D5684C00FEDAA6 /* RRAudioPlayer.h */,
				864F708317D5684C00FEDAA6 /* RRAudioPlayer.m */,
				3381582717D5A635006CCA90 /* RRGraphics.h */,
				3381582817D5A635006CCA90 /* RRGraphics.m */,
				8636C39817D7E79800612361 /* RREvent.h */,
				8636C39917D7E79800612361 /* RREvent.m */,
				8636C3A817D7FA2600612361 /* RRStepper.h */,
				8636C3A917D7FA2600612361 /* RRStepper.m */,
				86166B2F17D904AE00A6F925 /* RREventManager.h */,
				86166B3017D904AE00A6F925 /* RREventManager.m */,
				86D3116817DA6BAC00D218E3 /* RRStats.h */,
				86D3116917DA6BAC00D218E3 /* RRStats.m */,
				86E1EF6F17DC09FA0023FDF5 /* RRGraphData.h */,
				86E1EF7017DC09FA0023FDF5 /* RRGraphData.m */,
				33D98B4A17DD357F00172947 /* RRGameCenterManager.h */,
				33D98B4B17DD357F00172947 /* RRGameCenterManager.m */,
				866EAB8217DE5F53004BB19B /* RRStoreManager.h */,
				866EAB8317DE5F53004BB19B /* RRStoreManager.m */,
			);
			name = Model;
			sourceTree = "<group>";
		};
		3381580517D468F7006CCA90 /* Control */ = {
			isa = PBXGroup;
			children = (
				8672927F17DD9AE900F70ADE /* RREndViewController.h */,
				8672928017DD9AE900F70ADE /* RREndViewController.m */,
				863BBAD117D54BCA00BEF75A /* RRIntroViewController.h */,
				863BBAD217D54BCA00BEF75A /* RRIntroViewController.m */,
				86DBBD3D17D417480032D830 /* RRTravelViewController.h */,
				86DBBD3E17D417480032D830 /* RRTravelViewController.m */,
				338157F217D45B1E006CCA90 /* RRBankViewController.h */,
				338157F317D45B1E006CCA90 /* RRBankViewController.m */,
				86DBBD3A17D416ED0032D830 /* RRMarketViewController.h */,
				86DBBD3B17D416ED0032D830 /* RRMarketViewController.m */,
				8664AE8017D8711B0096CD2B /* RRBriefcaseViewController.h */,
				8664AE8117D8711B0096CD2B /* RRBriefcaseViewController.m */,
				3365D73417DEC3B100BF72A3 /* RRPackListViewController.h */,
				3365D73517DEC3B100BF72A3 /* RRPackListViewController.m */,
			);
			name = Control;
			sourceTree = "<group>";
		};
		3381582A17D7EEA4006CCA90 /* Libraries */ = {
			isa = PBXGroup;
			children = (
				33D98B3E17DCF6BF00172947 /* TestFlightSDK2.0.0 */,
				8636C5D917D82B3F00612361 /* MBProgressHud */,
				3381582B17D7EEBF006CCA90 /* JLPartialModal */,
			);
			name = Libraries;
			sourceTree = "<group>";
		};
		3381582B17D7EEBF006CCA90 /* JLPartialModal */ = {
			isa = PBXGroup;
			children = (
				338157F717D45BB7006CCA90 /* JLBPartialModal.h */,
				338157F817D45BB7006CCA90 /* JLBPartialModal.m */,
			);
			name = JLPartialModal;
			sourceTree = "<group>";
		};
		33D98B3E17DCF6BF00172947 /* TestFlightSDK2.0.0 */ = {
			isa = PBXGroup;
			children = (
				33D98B3F17DCF6BF00172947 /* libTestFlight.a */,
				33D98B4017DCF6BF00172947 /* README.md */,
				33D98B4117DCF6BF00172947 /* release_notes.md */,
				33D98B4217DCF6BF00172947 /* TestFlight+AsyncLogging.h */,
				33D98B4317DCF6BF00172947 /* TestFlight+ManualSessions.h */,
				33D98B4417DCF6BF00172947 /* TestFlight.h */,
			);
			path = TestFlightSDK2.0.0;
			sourceTree = "<group>";
		};
		86166B3817D9C51400A6F925 /* ContentPacks */ = {
			isa = PBXGroup;
			children = (
				86166B3517D9936100A6F925 /* RRPack.h */,
				86166B3617D9936100A6F925 /* RRPack.m */,
				86166B3217D9918800A6F925 /* RRPackDiamond.h */,
				86166B3317D9918800A6F925 /* RRPackDiamond.m */,
				8600570117DEC71300740C75 /* RRPackArtist.h */,
				8600570217DEC71300740C75 /* RRPackArtist.m */,
			);
			name = ContentPacks;
			sourceTree = "<group>";
		};
		862400CC17D5773A00C3BDE0 /* media */ = {
			isa = PBXGroup;
			children = (
				8672928217DD9DBC00F70ADE /* borderDark@2x.png */,
				3381582417D5A608006CCA90 /* border@2x.png */,
				86C2BB3B17DB20270048DE00 /* DiamondResources */,
			);
			path = media;
			sourceTree = "<group>";
		};
		8636C5D917D82B3F00612361 /* MBProgressHud */ = {
			isa = PBXGroup;
			children = (
				8636C5D617D82B3C00612361 /* MBProgressHUD.h */,
				8636C5D717D82B3C00612361 /* MBProgressHUD.m */,
			);
			name = MBProgressHud;
			sourceTree = "<group>";
		};
		86A0C4F917D54832001663D6 /* sound */ = {
			isa = PBXGroup;
			children = (
				861F691517DA8CD00097541C /* slide.aiff */,
				864F708717D5714700FEDAA6 /* jet.aiff */,
				864F708517D56EE500FEDAA6 /* ding.aiff */,
				864F708017D567CE00FEDAA6 /* planeAmbient.aiff */,
				864F707E17D5647300FEDAA6 /* register.wav */,
				864F707A17D559A800FEDAA6 /* strings.wav */,
				86A0C4FA17D54832001663D6 /* click.aiff */,
			);
			path = sound;
			sourceTree = "<group>";
		};
		86C2BB3A17DB200C0048DE00 /* DiamondEvents */ = {
			isa = PBXGroup;
			children = (
				3381582E17D83FEB006CCA90 /* badge.png */,
				3381582F17D83FEB006CCA90 /* cut_diamonds.png */,
				3381583017D83FEB006CCA90 /* debeers.png */,
				3381583117D83FEB006CCA90 /* diamond-in-hand.png */,
				3381582C17D83C9E006CCA90 /* suisse.png */,
			);
			name = DiamondEvents;
			sourceTree = "<group>";
		};
		86C2BB3B17DB20270048DE00 /* DiamondResources */ = {
			isa = PBXGroup;
			children = (
				86C2BB3A17DB200C0048DE00 /* DiamondEvents */,
				86B9850617D5BBEB0065FD70 /* diamondWhite@2x.png */,
				86B9850717D5BBEB0065FD70 /* diamondBlack@2x.png */,
				3381582317D5A608006CCA90 /* background2.png */,
				3381582117D5A27E006CCA90 /* travel.png */,
				862400CE17D5773A00C3BDE0 /* Dubai.png */,
				862400CF17D5773A00C3BDE0 /* Germany.png */,
				862400D017D5773A00C3BDE0 /* Greece.png */,
				862400D117D5773A00C3BDE0 /* historic-diamond-prices-2.jpg */,
				862400D217D5773A00C3BDE0 /* Italy.png */,
				862400D317D5773A00C3BDE0 /* Russia.png */,
				862400D417D5773A00C3BDE0 /* South Africa.png */,
				862400D517D5773A00C3BDE0 /* Switzerland.png */,
				862400D617D5773A00C3BDE0 /* Thailand.png */,
			);
			name = DiamondResources;
			sourceTree = "<group>";
		};
		86DBBD0B17D415F60032D830 = {
			isa = PBXGroup;
			children = (
				330EF1E317DE7BBC009061C5 /* icon_@2x.png */,
				330EF1E117DE63B0009061C5 /* icon@2x.png */,
				86DBBD1D17D415F60032D830 /* RatRace */,
				86DBBD1E17D415F60032D830 /* Supporting Files */,
				3381582A17D7EEA4006CCA90 /* Libraries */,
				86DBBD1617D415F60032D830 /* Frameworks */,
				86DBBD1517D415F60032D830 /* Products */,
			);
			sourceTree = "<group>";
		};
		86DBBD1517D415F60032D830 /* Products */ = {
			isa = PBXGroup;
			children = (
				86DBBD1417D415F60032D830 /* RatRace.app */,
			);
			name = Products;
			sourceTree = "<group>";
		};
		86DBBD1617D415F60032D830 /* Frameworks */ = {
			isa = PBXGroup;
			children = (
				866EAB8017DE5B2E004BB19B /* StoreKit.framework */,
				33D98B4817DCF78A00172947 /* libz.dylib */,
				3381583617D94226006CCA90 /* GameKit.framework */,
				86A0C4F717D5461B001663D6 /* AVFoundation.framework */,
				86DBBD4E17D4208D0032D830 /* QuartzCore.framework */,
				86DBBD1717D415F60032D830 /* UIKit.framework */,
				86DBBD1917D415F60032D830 /* Foundation.framework */,
				86DBBD1B17D415F60032D830 /* CoreGraphics.framework */,
			);
			name = Frameworks;
			sourceTree = "<group>";
		};
		86DBBD1D17D415F60032D830 /* RatRace */ = {
			isa = PBXGroup;
			children = (
				862400CC17D5773A00C3BDE0 /* media */,
				86A0C4F917D54832001663D6 /* sound */,
				86166B3817D9C51400A6F925 /* ContentPacks */,
				3381580317D468E1006CCA90 /* Model */,
				3381580217D468D8006CCA90 /* Views */,
				3381580517D468F7006CCA90 /* Control */,
			);
			path = RatRace;
			sourceTree = "<group>";
		};
		86DBBD1E17D415F60032D830 /* Supporting Files */ = {
			isa = PBXGroup;
			children = (
				86DBBD2617D415F60032D830 /* RRAppDelegate.h */,
				86DBBD2717D415F60032D830 /* RRAppDelegate.m */,
				86DBBD1F17D415F60032D830 /* RatRace-Info.plist */,
				86DBBD2017D415F60032D830 /* InfoPlist.strings */,
				86DBBD2317D415F60032D830 /* main.m */,
				86DBBD2517D415F60032D830 /* RatRace-Prefix.pch */,
				86DBBD2917D415F60032D830 /* Default.png */,
				86DBBD2B17D415F60032D830 /* Default@2x.png */,
				86DBBD2D17D415F60032D830 /* Default-568h@2x.png */,
			);
			name = "Supporting Files";
			path = RatRace;
			sourceTree = "<group>";
		};
/* End PBXGroup section */

/* Begin PBXNativeTarget section */
		86DBBD1317D415F60032D830 /* RatRace */ = {
			isa = PBXNativeTarget;
			buildConfigurationList = 86DBBD3717D415F60032D830 /* Build configuration list for PBXNativeTarget "RatRace" */;
			buildPhases = (
				86DBBD1017D415F60032D830 /* Sources */,
				86DBBD1117D415F60032D830 /* Frameworks */,
				86DBBD1217D415F60032D830 /* Resources */,
			);
			buildRules = (
			);
			dependencies = (
			);
			name = RatRace;
			productName = RatRace;
			productReference = 86DBBD1417D415F60032D830 /* RatRace.app */;
			productType = "com.apple.product-type.application";
		};
/* End PBXNativeTarget section */

/* Begin PBXProject section */
		86DBBD0C17D415F60032D830 /* Project object */ = {
			isa = PBXProject;
			attributes = {
				CLASSPREFIX = RR;
				LastUpgradeCheck = 0460;
				ORGANIZATIONNAME = "Jon Como";
			};
			buildConfigurationList = 86DBBD0F17D415F60032D830 /* Build configuration list for PBXProject "RatRace" */;
			compatibilityVersion = "Xcode 3.2";
			developmentRegion = English;
			hasScannedForEncodings = 0;
			knownRegions = (
				en,
			);
			mainGroup = 86DBBD0B17D415F60032D830;
			productRefGroup = 86DBBD1517D415F60032D830 /* Products */;
			projectDirPath = "";
			projectRoot = "";
			targets = (
				86DBBD1317D415F60032D830 /* RatRace */,
			);
		};
/* End PBXProject section */

/* Begin PBXResourcesBuildPhase section */
		86DBBD1217D415F60032D830 /* Resources */ = {
			isa = PBXResourcesBuildPhase;
			buildActionMask = 2147483647;
			files = (
				86DBBD2217D415F60032D830 /* InfoPlist.strings in Resources */,
				86DBBD2A17D415F60032D830 /* Default.png in Resources */,
				86DBBD2C17D415F60032D830 /* Default@2x.png in Resources */,
				86DBBD2E17D415F60032D830 /* Default-568h@2x.png in Resources */,
				86DBBD3117D415F60032D830 /* MainStoryboard.storyboard in Resources */,
				86DBBD4A17D41CA90032D830 /* stats.xib in Resources */,
				338157F617D45B1E006CCA90 /* RRBankViewController.xib in Resources */,
				86A0C50217D54832001663D6 /* click.aiff in Resources */,
				864F707B17D559A800FEDAA6 /* strings.wav in Resources */,
				864F707D17D55C5C00FEDAA6 /* diamondCell.xib in Resources */,
				864F707F17D5647300FEDAA6 /* register.wav in Resources */,
				864F708117D567CE00FEDAA6 /* planeAmbient.aiff in Resources */,
				864F708617D56EE500FEDAA6 /* ding.aiff in Resources */,
				864F708817D5714700FEDAA6 /* jet.aiff in Resources */,
				862400D817D5773A00C3BDE0 /* Dubai.png in Resources */,
				862400D917D5773A00C3BDE0 /* Germany.png in Resources */,
				862400DA17D5773A00C3BDE0 /* Greece.png in Resources */,
				862400DB17D5773A00C3BDE0 /* historic-diamond-prices-2.jpg in Resources */,
				862400DC17D5773A00C3BDE0 /* Italy.png in Resources */,
				862400DD17D5773A00C3BDE0 /* Russia.png in Resources */,
				862400DE17D5773A00C3BDE0 /* South Africa.png in Resources */,
				862400DF17D5773A00C3BDE0 /* Switzerland.png in Resources */,
				862400E017D5773A00C3BDE0 /* Thailand.png in Resources */,
				3381582217D5A27E006CCA90 /* travel.png in Resources */,
				3381582517D5A608006CCA90 /* background2.png in Resources */,
				3381582617D5A608006CCA90 /* border@2x.png in Resources */,
				86B9850817D5BBEB0065FD70 /* diamondWhite@2x.png in Resources */,
				86B9850917D5BBEB0065FD70 /* diamondBlack@2x.png in Resources */,
				3381582D17D83C9E006CCA90 /* suisse.png in Resources */,
				3381583217D83FEB006CCA90 /* badge.png in Resources */,
				3381583317D83FEB006CCA90 /* cut_diamonds.png in Resources */,
				3381583417D83FEB006CCA90 /* debeers.png in Resources */,
				3381583517D83FEB006CCA90 /* diamond-in-hand.png in Resources */,
				861F691617DA8CD00097541C /* slide.aiff in Resources */,
				33D98B4617DCF6BF00172947 /* README.md in Resources */,
				33D98B4717DCF6BF00172947 /* release_notes.md in Resources */,
				33CA594F17DD6287007F4A59 /* brief.xib in Resources */,
				8672928317DD9DBC00F70ADE /* borderDark@2x.png in Resources */,
				330EF1E217DE63B0009061C5 /* icon@2x.png in Resources */,
				330EF1E417DE7BBC009061C5 /* icon_@2x.png in Resources */,
			);
			runOnlyForDeploymentPostprocessing = 0;
		};
/* End PBXResourcesBuildPhase section */

/* Begin PBXSourcesBuildPhase section */
		86DBBD1017D415F60032D830 /* Sources */ = {
			isa = PBXSourcesBuildPhase;
			buildActionMask = 2147483647;
			files = (
				86DBBD2417D415F60032D830 /* main.m in Sources */,
				86DBBD2817D415F60032D830 /* RRAppDelegate.m in Sources */,
				86DBBD3C17D416ED0032D830 /* RRMarketViewController.m in Sources */,
				86DBBD3F17D417480032D830 /* RRTravelViewController.m in Sources */,
				86DBBD4217D418290032D830 /* RRGame.m in Sources */,
				86DBBD4517D419780032D830 /* RRPlayer.m in Sources */,
				86DBBD4817D41A760032D830 /* RRItem.m in Sources */,
				86DBBD4D17D41CB30032D830 /* SMStatsView.m in Sources */,
				338157F117D44EB2006CCA90 /* RRBank.m in Sources */,
				338157F517D45B1E006CCA90 /* RRBankViewController.m in Sources */,
				338157F917D45BB7006CCA90 /* JLBPartialModal.m in Sources */,
				338157FE17D462A5006CCA90 /* RRDiamondCell.m in Sources */,
				86A0C4F617D5455A001663D6 /* RRAudioEngine.m in Sources */,
				863BBAD317D54BCA00BEF75A /* RRIntroViewController.m in Sources */,
				863BBAD617D54CA700BEF75A /* RRButtonSound.m in Sources */,
				864F708417D5684D00FEDAA6 /* RRAudioPlayer.m in Sources */,
				3381582917D5A635006CCA90 /* RRGraphics.m in Sources */,
				8636C39A17D7E79800612361 /* RREvent.m in Sources */,
				8636C3AA17D7FA2600612361 /* RRStepper.m in Sources */,
				8636C5D817D82B3C00612361 /* MBProgressHUD.m in Sources */,
				8664AE8217D8711B0096CD2B /* RRBriefcaseViewController.m in Sources */,
				86166B3117D904AE00A6F925 /* RREventManager.m in Sources */,
				86166B3417D9918800A6F925 /* RRPackDiamond.m in Sources */,
				86166B3717D9936200A6F925 /* RRPack.m in Sources */,
				86D3116A17DA6BAC00D218E3 /* RRStats.m in Sources */,
				86D3116D17DA6C9300D218E3 /* RRGraphView.m in Sources */,
				86B5678017DBEBB400E1F4E9 /* PerlinNoise.m in Sources */,
				86E1EF7117DC09FA0023FDF5 /* RRGraphData.m in Sources */,
				33D98B4C17DD357F00172947 /* RRGameCenterManager.m in Sources */,
				8672928117DD9AE900F70ADE /* RREndViewController.m in Sources */,
				866EAB8417DE5F53004BB19B /* RRStoreManager.m in Sources */,
<<<<<<< HEAD
				3365D73617DEC3B100BF72A3 /* RRPackListViewController.m in Sources */,
				3365D73917DEC50500BF72A3 /* RRPackCell.m in Sources */,
=======
				8600570317DEC71300740C75 /* RRPackArtist.m in Sources */,
>>>>>>> master
			);
			runOnlyForDeploymentPostprocessing = 0;
		};
/* End PBXSourcesBuildPhase section */

/* Begin PBXVariantGroup section */
		86DBBD2017D415F60032D830 /* InfoPlist.strings */ = {
			isa = PBXVariantGroup;
			children = (
				86DBBD2117D415F60032D830 /* en */,
			);
			name = InfoPlist.strings;
			sourceTree = "<group>";
		};
		86DBBD2F17D415F60032D830 /* MainStoryboard.storyboard */ = {
			isa = PBXVariantGroup;
			children = (
				86DBBD3017D415F60032D830 /* en */,
			);
			name = MainStoryboard.storyboard;
			sourceTree = "<group>";
		};
/* End PBXVariantGroup section */

/* Begin XCBuildConfiguration section */
		86DBBD3517D415F60032D830 /* Debug */ = {
			isa = XCBuildConfiguration;
			buildSettings = {
				ALWAYS_SEARCH_USER_PATHS = NO;
				CLANG_CXX_LANGUAGE_STANDARD = "gnu++0x";
				CLANG_CXX_LIBRARY = "libc++";
				CLANG_ENABLE_OBJC_ARC = YES;
				CLANG_WARN_CONSTANT_CONVERSION = YES;
				CLANG_WARN_EMPTY_BODY = YES;
				CLANG_WARN_ENUM_CONVERSION = YES;
				CLANG_WARN_INT_CONVERSION = YES;
				CLANG_WARN__DUPLICATE_METHOD_MATCH = YES;
				"CODE_SIGN_IDENTITY[sdk=iphoneos*]" = "iPhone Developer";
				COPY_PHASE_STRIP = NO;
				GCC_C_LANGUAGE_STANDARD = gnu99;
				GCC_DYNAMIC_NO_PIC = NO;
				GCC_OPTIMIZATION_LEVEL = 0;
				GCC_PREPROCESSOR_DEFINITIONS = (
					"DEBUG=1",
					"$(inherited)",
				);
				GCC_SYMBOLS_PRIVATE_EXTERN = NO;
				GCC_WARN_ABOUT_RETURN_TYPE = YES;
				GCC_WARN_UNINITIALIZED_AUTOS = YES;
				GCC_WARN_UNUSED_VARIABLE = YES;
				IPHONEOS_DEPLOYMENT_TARGET = 6.1;
				ONLY_ACTIVE_ARCH = YES;
				SDKROOT = iphoneos;
			};
			name = Debug;
		};
		86DBBD3617D415F60032D830 /* Release */ = {
			isa = XCBuildConfiguration;
			buildSettings = {
				ALWAYS_SEARCH_USER_PATHS = NO;
				CLANG_CXX_LANGUAGE_STANDARD = "gnu++0x";
				CLANG_CXX_LIBRARY = "libc++";
				CLANG_ENABLE_OBJC_ARC = YES;
				CLANG_WARN_CONSTANT_CONVERSION = YES;
				CLANG_WARN_EMPTY_BODY = YES;
				CLANG_WARN_ENUM_CONVERSION = YES;
				CLANG_WARN_INT_CONVERSION = YES;
				CLANG_WARN__DUPLICATE_METHOD_MATCH = YES;
				"CODE_SIGN_IDENTITY[sdk=iphoneos*]" = "iPhone Developer";
				COPY_PHASE_STRIP = YES;
				GCC_C_LANGUAGE_STANDARD = gnu99;
				GCC_WARN_ABOUT_RETURN_TYPE = YES;
				GCC_WARN_UNINITIALIZED_AUTOS = YES;
				GCC_WARN_UNUSED_VARIABLE = YES;
				IPHONEOS_DEPLOYMENT_TARGET = 6.1;
				OTHER_CFLAGS = "-DNS_BLOCK_ASSERTIONS=1";
				SDKROOT = iphoneos;
				VALIDATE_PRODUCT = YES;
			};
			name = Release;
		};
		86DBBD3817D415F60032D830 /* Debug */ = {
			isa = XCBuildConfiguration;
			buildSettings = {
				CODE_SIGN_IDENTITY = "iPhone Developer: Jon Como (456YE3KXB7)";
				"CODE_SIGN_IDENTITY[sdk=iphoneos*]" = "iPhone Developer: Jon Como (456YE3KXB7)";
				GCC_PRECOMPILE_PREFIX_HEADER = YES;
				GCC_PREFIX_HEADER = "RatRace/RatRace-Prefix.pch";
				INFOPLIST_FILE = "RatRace/RatRace-Info.plist";
				LIBRARY_SEARCH_PATHS = (
					"$(inherited)",
					"\"$(SRCROOT)/TestFlightSDK2.0.0\"",
				);
				PRODUCT_NAME = "$(TARGET_NAME)";
				PROVISIONING_PROFILE = "0DA0D14C-ECFA-4AC4-95A8-904F2D4B603C";
				WRAPPER_EXTENSION = app;
			};
			name = Debug;
		};
		86DBBD3917D415F60032D830 /* Release */ = {
			isa = XCBuildConfiguration;
			buildSettings = {
				CODE_SIGN_IDENTITY = "iPhone Developer: Jon Como (456YE3KXB7)";
				"CODE_SIGN_IDENTITY[sdk=iphoneos*]" = "iPhone Developer: Jon Como (456YE3KXB7)";
				GCC_PRECOMPILE_PREFIX_HEADER = YES;
				GCC_PREFIX_HEADER = "RatRace/RatRace-Prefix.pch";
				INFOPLIST_FILE = "RatRace/RatRace-Info.plist";
				LIBRARY_SEARCH_PATHS = (
					"$(inherited)",
					"\"$(SRCROOT)/TestFlightSDK2.0.0\"",
				);
				PRODUCT_NAME = "$(TARGET_NAME)";
				PROVISIONING_PROFILE = "0DA0D14C-ECFA-4AC4-95A8-904F2D4B603C";
				WRAPPER_EXTENSION = app;
			};
			name = Release;
		};
/* End XCBuildConfiguration section */

/* Begin XCConfigurationList section */
		86DBBD0F17D415F60032D830 /* Build configuration list for PBXProject "RatRace" */ = {
			isa = XCConfigurationList;
			buildConfigurations = (
				86DBBD3517D415F60032D830 /* Debug */,
				86DBBD3617D415F60032D830 /* Release */,
			);
			defaultConfigurationIsVisible = 0;
			defaultConfigurationName = Release;
		};
		86DBBD3717D415F60032D830 /* Build configuration list for PBXNativeTarget "RatRace" */ = {
			isa = XCConfigurationList;
			buildConfigurations = (
				86DBBD3817D415F60032D830 /* Debug */,
				86DBBD3917D415F60032D830 /* Release */,
			);
			defaultConfigurationIsVisible = 0;
			defaultConfigurationName = Release;
		};
/* End XCConfigurationList section */
	};
	rootObject = 86DBBD0C17D415F60032D830 /* Project object */;
}
